// !$*UTF8*$!
{
	archiveVersion = 1;
	classes = {
	};
	objectVersion = 46;
	objects = {

/* Begin PBXBuildFile section */
		5B019BA21B3C859400BB6C0F /* GordonUser.swift in Sources */ = {isa = PBXBuildFile; fileRef = 5B019BA11B3C859400BB6C0F /* GordonUser.swift */; };
		5B1E91EA1B5E90E80085C591 /* ScreenOperationsManager.swift in Sources */ = {isa = PBXBuildFile; fileRef = 5B1E91E91B5E90E80085C591 /* ScreenOperationsManager.swift */; };
		5B9DE6181B5045FA006586FC /* DatabaseManagement.swift in Sources */ = {isa = PBXBuildFile; fileRef = 5B9DE6171B5045FA006586FC /* DatabaseManagement.swift */; };
		5BB271921B43357100CB467B /* AsyncButton.swift in Sources */ = {isa = PBXBuildFile; fileRef = 5BB271741B43357100CB467B /* AsyncButton.swift */; };
		5BB271931B43357100CB467B /* AsyncButton.swift in Sources */ = {isa = PBXBuildFile; fileRef = 5BB271741B43357100CB467B /* AsyncButton.swift */; };
		5BB271941B43357100CB467B /* AsyncImageView.swift in Sources */ = {isa = PBXBuildFile; fileRef = 5BB271751B43357100CB467B /* AsyncImageView.swift */; };
		5BB271951B43357100CB467B /* AsyncImageView.swift in Sources */ = {isa = PBXBuildFile; fileRef = 5BB271751B43357100CB467B /* AsyncImageView.swift */; };
		5BB271961B43357100CB467B /* AutoTextView.swift in Sources */ = {isa = PBXBuildFile; fileRef = 5BB271761B43357100CB467B /* AutoTextView.swift */; };
		5BB271971B43357100CB467B /* AutoTextView.swift in Sources */ = {isa = PBXBuildFile; fileRef = 5BB271761B43357100CB467B /* AutoTextView.swift */; };
		5BB271981B43357100CB467B /* BlurView.swift in Sources */ = {isa = PBXBuildFile; fileRef = 5BB271771B43357100CB467B /* BlurView.swift */; };
		5BB271991B43357100CB467B /* BlurView.swift in Sources */ = {isa = PBXBuildFile; fileRef = 5BB271771B43357100CB467B /* BlurView.swift */; };
		5BB2719A1B43357100CB467B /* DesignableButton.swift in Sources */ = {isa = PBXBuildFile; fileRef = 5BB271781B43357100CB467B /* DesignableButton.swift */; };
		5BB2719B1B43357100CB467B /* DesignableButton.swift in Sources */ = {isa = PBXBuildFile; fileRef = 5BB271781B43357100CB467B /* DesignableButton.swift */; };
		5BB2719C1B43357100CB467B /* DesignableImageView.swift in Sources */ = {isa = PBXBuildFile; fileRef = 5BB271791B43357100CB467B /* DesignableImageView.swift */; };
		5BB2719D1B43357100CB467B /* DesignableImageView.swift in Sources */ = {isa = PBXBuildFile; fileRef = 5BB271791B43357100CB467B /* DesignableImageView.swift */; };
		5BB2719E1B43357100CB467B /* DesignableLabel.swift in Sources */ = {isa = PBXBuildFile; fileRef = 5BB2717A1B43357100CB467B /* DesignableLabel.swift */; };
		5BB2719F1B43357100CB467B /* DesignableLabel.swift in Sources */ = {isa = PBXBuildFile; fileRef = 5BB2717A1B43357100CB467B /* DesignableLabel.swift */; };
		5BB271A01B43357100CB467B /* DesignableTabBarController.swift in Sources */ = {isa = PBXBuildFile; fileRef = 5BB2717B1B43357100CB467B /* DesignableTabBarController.swift */; };
		5BB271A11B43357100CB467B /* DesignableTabBarController.swift in Sources */ = {isa = PBXBuildFile; fileRef = 5BB2717B1B43357100CB467B /* DesignableTabBarController.swift */; };
		5BB271A21B43357100CB467B /* DesignableTextField.swift in Sources */ = {isa = PBXBuildFile; fileRef = 5BB2717C1B43357100CB467B /* DesignableTextField.swift */; };
		5BB271A31B43357100CB467B /* DesignableTextField.swift in Sources */ = {isa = PBXBuildFile; fileRef = 5BB2717C1B43357100CB467B /* DesignableTextField.swift */; };
		5BB271A41B43357100CB467B /* DesignableTextView.swift in Sources */ = {isa = PBXBuildFile; fileRef = 5BB2717D1B43357100CB467B /* DesignableTextView.swift */; };
		5BB271A51B43357100CB467B /* DesignableTextView.swift in Sources */ = {isa = PBXBuildFile; fileRef = 5BB2717D1B43357100CB467B /* DesignableTextView.swift */; };
		5BB271A61B43357100CB467B /* DesignableView.swift in Sources */ = {isa = PBXBuildFile; fileRef = 5BB2717E1B43357100CB467B /* DesignableView.swift */; };
		5BB271A71B43357100CB467B /* DesignableView.swift in Sources */ = {isa = PBXBuildFile; fileRef = 5BB2717E1B43357100CB467B /* DesignableView.swift */; };
		5BB271A81B43357100CB467B /* ImageLoader.swift in Sources */ = {isa = PBXBuildFile; fileRef = 5BB2717F1B43357100CB467B /* ImageLoader.swift */; };
		5BB271A91B43357100CB467B /* ImageLoader.swift in Sources */ = {isa = PBXBuildFile; fileRef = 5BB2717F1B43357100CB467B /* ImageLoader.swift */; };
		5BB271AA1B43357100CB467B /* Info.plist in Resources */ = {isa = PBXBuildFile; fileRef = 5BB271801B43357100CB467B /* Info.plist */; };
		5BB271AB1B43357100CB467B /* Info.plist in Resources */ = {isa = PBXBuildFile; fileRef = 5BB271801B43357100CB467B /* Info.plist */; };
		5BB271AC1B43357100CB467B /* KeyboardLayoutConstraint.swift in Sources */ = {isa = PBXBuildFile; fileRef = 5BB271811B43357100CB467B /* KeyboardLayoutConstraint.swift */; };
		5BB271AD1B43357100CB467B /* KeyboardLayoutConstraint.swift in Sources */ = {isa = PBXBuildFile; fileRef = 5BB271811B43357100CB467B /* KeyboardLayoutConstraint.swift */; };
		5BB271AE1B43357100CB467B /* LoadingView.swift in Sources */ = {isa = PBXBuildFile; fileRef = 5BB271821B43357100CB467B /* LoadingView.swift */; };
		5BB271AF1B43357100CB467B /* LoadingView.swift in Sources */ = {isa = PBXBuildFile; fileRef = 5BB271821B43357100CB467B /* LoadingView.swift */; };
		5BB271B01B43357100CB467B /* LoadingView.xib in Resources */ = {isa = PBXBuildFile; fileRef = 5BB271831B43357100CB467B /* LoadingView.xib */; };
		5BB271B11B43357100CB467B /* LoadingView.xib in Resources */ = {isa = PBXBuildFile; fileRef = 5BB271831B43357100CB467B /* LoadingView.xib */; };
		5BB271B21B43357100CB467B /* Misc.swift in Sources */ = {isa = PBXBuildFile; fileRef = 5BB271841B43357100CB467B /* Misc.swift */; };
		5BB271B31B43357100CB467B /* Misc.swift in Sources */ = {isa = PBXBuildFile; fileRef = 5BB271841B43357100CB467B /* Misc.swift */; };
		5BB271B41B43357100CB467B /* SoundPlayer.swift in Sources */ = {isa = PBXBuildFile; fileRef = 5BB271851B43357100CB467B /* SoundPlayer.swift */; };
		5BB271B51B43357100CB467B /* SoundPlayer.swift in Sources */ = {isa = PBXBuildFile; fileRef = 5BB271851B43357100CB467B /* SoundPlayer.swift */; };
		5BB271B61B43357100CB467B /* Spring.swift in Sources */ = {isa = PBXBuildFile; fileRef = 5BB271871B43357100CB467B /* Spring.swift */; };
		5BB271B71B43357100CB467B /* Spring.swift in Sources */ = {isa = PBXBuildFile; fileRef = 5BB271871B43357100CB467B /* Spring.swift */; };
		5BB271B81B43357100CB467B /* SpringAnimation.swift in Sources */ = {isa = PBXBuildFile; fileRef = 5BB271881B43357100CB467B /* SpringAnimation.swift */; };
		5BB271B91B43357100CB467B /* SpringAnimation.swift in Sources */ = {isa = PBXBuildFile; fileRef = 5BB271881B43357100CB467B /* SpringAnimation.swift */; };
		5BB271BA1B43357100CB467B /* SpringButton.swift in Sources */ = {isa = PBXBuildFile; fileRef = 5BB271891B43357100CB467B /* SpringButton.swift */; };
		5BB271BB1B43357100CB467B /* SpringButton.swift in Sources */ = {isa = PBXBuildFile; fileRef = 5BB271891B43357100CB467B /* SpringButton.swift */; };
		5BB271BC1B43357100CB467B /* SpringImageView.swift in Sources */ = {isa = PBXBuildFile; fileRef = 5BB2718A1B43357100CB467B /* SpringImageView.swift */; };
		5BB271BD1B43357100CB467B /* SpringImageView.swift in Sources */ = {isa = PBXBuildFile; fileRef = 5BB2718A1B43357100CB467B /* SpringImageView.swift */; };
		5BB271BE1B43357100CB467B /* SpringLabel.swift in Sources */ = {isa = PBXBuildFile; fileRef = 5BB2718B1B43357100CB467B /* SpringLabel.swift */; };
		5BB271BF1B43357100CB467B /* SpringLabel.swift in Sources */ = {isa = PBXBuildFile; fileRef = 5BB2718B1B43357100CB467B /* SpringLabel.swift */; };
		5BB271C01B43357100CB467B /* SpringTextField.swift in Sources */ = {isa = PBXBuildFile; fileRef = 5BB2718C1B43357100CB467B /* SpringTextField.swift */; };
		5BB271C11B43357100CB467B /* SpringTextField.swift in Sources */ = {isa = PBXBuildFile; fileRef = 5BB2718C1B43357100CB467B /* SpringTextField.swift */; };
		5BB271C21B43357100CB467B /* SpringTextView.swift in Sources */ = {isa = PBXBuildFile; fileRef = 5BB2718D1B43357100CB467B /* SpringTextView.swift */; };
		5BB271C31B43357100CB467B /* SpringTextView.swift in Sources */ = {isa = PBXBuildFile; fileRef = 5BB2718D1B43357100CB467B /* SpringTextView.swift */; };
		5BB271C41B43357100CB467B /* SpringView.swift in Sources */ = {isa = PBXBuildFile; fileRef = 5BB2718E1B43357100CB467B /* SpringView.swift */; };
		5BB271C51B43357100CB467B /* SpringView.swift in Sources */ = {isa = PBXBuildFile; fileRef = 5BB2718E1B43357100CB467B /* SpringView.swift */; };
		5BB271C61B43357100CB467B /* TransitionManager.swift in Sources */ = {isa = PBXBuildFile; fileRef = 5BB2718F1B43357100CB467B /* TransitionManager.swift */; };
		5BB271C71B43357100CB467B /* TransitionManager.swift in Sources */ = {isa = PBXBuildFile; fileRef = 5BB2718F1B43357100CB467B /* TransitionManager.swift */; };
		5BB271C81B43357100CB467B /* TransitionZoom.swift in Sources */ = {isa = PBXBuildFile; fileRef = 5BB271901B43357100CB467B /* TransitionZoom.swift */; };
		5BB271C91B43357100CB467B /* TransitionZoom.swift in Sources */ = {isa = PBXBuildFile; fileRef = 5BB271901B43357100CB467B /* TransitionZoom.swift */; };
		5BB271CA1B43357100CB467B /* UnwindSegue.swift in Sources */ = {isa = PBXBuildFile; fileRef = 5BB271911B43357100CB467B /* UnwindSegue.swift */; };
		5BB271CB1B43357100CB467B /* UnwindSegue.swift in Sources */ = {isa = PBXBuildFile; fileRef = 5BB271911B43357100CB467B /* UnwindSegue.swift */; };
		5BFE01C11B4ACE4100469A47 /* iGordonSwift.xcdatamodeld in Sources */ = {isa = PBXBuildFile; fileRef = A356C0571B288DAA005B9DFB /* iGordonSwift.xcdatamodeld */; };
		5BFE01C31B4ACFE200469A47 /* LogResultsFromServer.swift in Sources */ = {isa = PBXBuildFile; fileRef = 5BFE01C21B4ACFE200469A47 /* LogResultsFromServer.swift */; };
		A356C0561B288DAA005B9DFB /* AppDelegate.swift in Sources */ = {isa = PBXBuildFile; fileRef = A356C0551B288DAA005B9DFB /* AppDelegate.swift */; };
		A356C0591B288DAA005B9DFB /* iGordonSwift.xcdatamodeld in Sources */ = {isa = PBXBuildFile; fileRef = A356C0571B288DAA005B9DFB /* iGordonSwift.xcdatamodeld */; };
		A356C05E1B288DAA005B9DFB /* Main.storyboard in Resources */ = {isa = PBXBuildFile; fileRef = A356C05C1B288DAA005B9DFB /* Main.storyboard */; };
		A356C0601B288DAA005B9DFB /* Images.xcassets in Resources */ = {isa = PBXBuildFile; fileRef = A356C05F1B288DAA005B9DFB /* Images.xcassets */; };
		A356C0631B288DAA005B9DFB /* LaunchScreen.xib in Resources */ = {isa = PBXBuildFile; fileRef = A356C0611B288DAA005B9DFB /* LaunchScreen.xib */; };
		A356C06F1B288DAA005B9DFB /* iGordonSwiftTests.swift in Sources */ = {isa = PBXBuildFile; fileRef = A356C06E1B288DAA005B9DFB /* iGordonSwiftTests.swift */; };
		A356C07C1B2896FF005B9DFB /* EndPoint.swift in Sources */ = {isa = PBXBuildFile; fileRef = A356C07B1B2896FF005B9DFB /* EndPoint.swift */; };
		A356C0801B28BD49005B9DFB /* UserPreferencesViewController.swift in Sources */ = {isa = PBXBuildFile; fileRef = A356C07F1B28BD49005B9DFB /* UserPreferencesViewController.swift */; };
		A356C0831B28CD97005B9DFB /* TableViewCellUserDataCustom.swift in Sources */ = {isa = PBXBuildFile; fileRef = A356C0821B28CD97005B9DFB /* TableViewCellUserDataCustom.swift */; };
		A356C0851B28CE64005B9DFB /* tableCellDesignForUserDataOptions.xib in Resources */ = {isa = PBXBuildFile; fileRef = A356C0841B28CE64005B9DFB /* tableCellDesignForUserDataOptions.xib */; };
		A356C0871B28D218005B9DFB /* UserOptionsMenuPopover.swift in Sources */ = {isa = PBXBuildFile; fileRef = A356C0861B28D218005B9DFB /* UserOptionsMenuPopover.swift */; };
		A356C08A1B28D6A8005B9DFB /* LoginViewController.swift in Sources */ = {isa = PBXBuildFile; fileRef = A356C0891B28D6A7005B9DFB /* LoginViewController.swift */; };
		A356C08C1B28E567005B9DFB /* MainDataViewController.swift in Sources */ = {isa = PBXBuildFile; fileRef = A356C08B1B28E567005B9DFB /* MainDataViewController.swift */; };
/* End PBXBuildFile section */

/* Begin PBXContainerItemProxy section */
		A356C0691B288DAA005B9DFB /* PBXContainerItemProxy */ = {
			isa = PBXContainerItemProxy;
			containerPortal = A356C0481B288DAA005B9DFB /* Project object */;
			proxyType = 1;
			remoteGlobalIDString = A356C04F1B288DAA005B9DFB;
			remoteInfo = iGordonSwift;
		};
/* End PBXContainerItemProxy section */

/* Begin PBXFileReference section */
		5B019BA11B3C859400BB6C0F /* GordonUser.swift */ = {isa = PBXFileReference; fileEncoding = 4; lastKnownFileType = sourcecode.swift; path = GordonUser.swift; sourceTree = "<group>"; };
		5B1E91E91B5E90E80085C591 /* ScreenOperationsManager.swift */ = {isa = PBXFileReference; fileEncoding = 4; lastKnownFileType = sourcecode.swift; path = ScreenOperationsManager.swift; sourceTree = "<group>"; };
		5B9DE6171B5045FA006586FC /* DatabaseManagement.swift */ = {isa = PBXFileReference; fileEncoding = 4; lastKnownFileType = sourcecode.swift; path = DatabaseManagement.swift; sourceTree = "<group>"; };
		5BB271741B43357100CB467B /* AsyncButton.swift */ = {isa = PBXFileReference; fileEncoding = 4; lastKnownFileType = sourcecode.swift; path = AsyncButton.swift; sourceTree = "<group>"; };
		5BB271751B43357100CB467B /* AsyncImageView.swift */ = {isa = PBXFileReference; fileEncoding = 4; lastKnownFileType = sourcecode.swift; path = AsyncImageView.swift; sourceTree = "<group>"; };
		5BB271761B43357100CB467B /* AutoTextView.swift */ = {isa = PBXFileReference; fileEncoding = 4; lastKnownFileType = sourcecode.swift; path = AutoTextView.swift; sourceTree = "<group>"; };
		5BB271771B43357100CB467B /* BlurView.swift */ = {isa = PBXFileReference; fileEncoding = 4; lastKnownFileType = sourcecode.swift; path = BlurView.swift; sourceTree = "<group>"; };
		5BB271781B43357100CB467B /* DesignableButton.swift */ = {isa = PBXFileReference; fileEncoding = 4; lastKnownFileType = sourcecode.swift; path = DesignableButton.swift; sourceTree = "<group>"; };
		5BB271791B43357100CB467B /* DesignableImageView.swift */ = {isa = PBXFileReference; fileEncoding = 4; lastKnownFileType = sourcecode.swift; path = DesignableImageView.swift; sourceTree = "<group>"; };
		5BB2717A1B43357100CB467B /* DesignableLabel.swift */ = {isa = PBXFileReference; fileEncoding = 4; lastKnownFileType = sourcecode.swift; path = DesignableLabel.swift; sourceTree = "<group>"; };
		5BB2717B1B43357100CB467B /* DesignableTabBarController.swift */ = {isa = PBXFileReference; fileEncoding = 4; lastKnownFileType = sourcecode.swift; path = DesignableTabBarController.swift; sourceTree = "<group>"; };
		5BB2717C1B43357100CB467B /* DesignableTextField.swift */ = {isa = PBXFileReference; fileEncoding = 4; lastKnownFileType = sourcecode.swift; path = DesignableTextField.swift; sourceTree = "<group>"; };
		5BB2717D1B43357100CB467B /* DesignableTextView.swift */ = {isa = PBXFileReference; fileEncoding = 4; lastKnownFileType = sourcecode.swift; path = DesignableTextView.swift; sourceTree = "<group>"; };
		5BB2717E1B43357100CB467B /* DesignableView.swift */ = {isa = PBXFileReference; fileEncoding = 4; lastKnownFileType = sourcecode.swift; path = DesignableView.swift; sourceTree = "<group>"; };
		5BB2717F1B43357100CB467B /* ImageLoader.swift */ = {isa = PBXFileReference; fileEncoding = 4; lastKnownFileType = sourcecode.swift; path = ImageLoader.swift; sourceTree = "<group>"; };
		5BB271801B43357100CB467B /* Info.plist */ = {isa = PBXFileReference; fileEncoding = 4; lastKnownFileType = text.plist.xml; path = Info.plist; sourceTree = "<group>"; };
		5BB271811B43357100CB467B /* KeyboardLayoutConstraint.swift */ = {isa = PBXFileReference; fileEncoding = 4; lastKnownFileType = sourcecode.swift; path = KeyboardLayoutConstraint.swift; sourceTree = "<group>"; };
		5BB271821B43357100CB467B /* LoadingView.swift */ = {isa = PBXFileReference; fileEncoding = 4; lastKnownFileType = sourcecode.swift; path = LoadingView.swift; sourceTree = "<group>"; };
		5BB271831B43357100CB467B /* LoadingView.xib */ = {isa = PBXFileReference; fileEncoding = 4; lastKnownFileType = file.xib; path = LoadingView.xib; sourceTree = "<group>"; };
		5BB271841B43357100CB467B /* Misc.swift */ = {isa = PBXFileReference; fileEncoding = 4; lastKnownFileType = sourcecode.swift; path = Misc.swift; sourceTree = "<group>"; };
		5BB271851B43357100CB467B /* SoundPlayer.swift */ = {isa = PBXFileReference; fileEncoding = 4; lastKnownFileType = sourcecode.swift; path = SoundPlayer.swift; sourceTree = "<group>"; };
		5BB271861B43357100CB467B /* Spring.h */ = {isa = PBXFileReference; fileEncoding = 4; lastKnownFileType = sourcecode.c.h; path = Spring.h; sourceTree = "<group>"; };
		5BB271871B43357100CB467B /* Spring.swift */ = {isa = PBXFileReference; fileEncoding = 4; lastKnownFileType = sourcecode.swift; path = Spring.swift; sourceTree = "<group>"; };
		5BB271881B43357100CB467B /* SpringAnimation.swift */ = {isa = PBXFileReference; fileEncoding = 4; lastKnownFileType = sourcecode.swift; path = SpringAnimation.swift; sourceTree = "<group>"; };
		5BB271891B43357100CB467B /* SpringButton.swift */ = {isa = PBXFileReference; fileEncoding = 4; lastKnownFileType = sourcecode.swift; path = SpringButton.swift; sourceTree = "<group>"; };
		5BB2718A1B43357100CB467B /* SpringImageView.swift */ = {isa = PBXFileReference; fileEncoding = 4; lastKnownFileType = sourcecode.swift; path = SpringImageView.swift; sourceTree = "<group>"; };
		5BB2718B1B43357100CB467B /* SpringLabel.swift */ = {isa = PBXFileReference; fileEncoding = 4; lastKnownFileType = sourcecode.swift; path = SpringLabel.swift; sourceTree = "<group>"; };
		5BB2718C1B43357100CB467B /* SpringTextField.swift */ = {isa = PBXFileReference; fileEncoding = 4; lastKnownFileType = sourcecode.swift; path = SpringTextField.swift; sourceTree = "<group>"; };
		5BB2718D1B43357100CB467B /* SpringTextView.swift */ = {isa = PBXFileReference; fileEncoding = 4; lastKnownFileType = sourcecode.swift; path = SpringTextView.swift; sourceTree = "<group>"; };
		5BB2718E1B43357100CB467B /* SpringView.swift */ = {isa = PBXFileReference; fileEncoding = 4; lastKnownFileType = sourcecode.swift; path = SpringView.swift; sourceTree = "<group>"; };
		5BB2718F1B43357100CB467B /* TransitionManager.swift */ = {isa = PBXFileReference; fileEncoding = 4; lastKnownFileType = sourcecode.swift; path = TransitionManager.swift; sourceTree = "<group>"; };
		5BB271901B43357100CB467B /* TransitionZoom.swift */ = {isa = PBXFileReference; fileEncoding = 4; lastKnownFileType = sourcecode.swift; path = TransitionZoom.swift; sourceTree = "<group>"; };
		5BB271911B43357100CB467B /* UnwindSegue.swift */ = {isa = PBXFileReference; fileEncoding = 4; lastKnownFileType = sourcecode.swift; path = UnwindSegue.swift; sourceTree = "<group>"; };
		5BFE01C21B4ACFE200469A47 /* LogResultsFromServer.swift */ = {isa = PBXFileReference; fileEncoding = 4; lastKnownFileType = sourcecode.swift; path = LogResultsFromServer.swift; sourceTree = "<group>"; };
		A356C0501B288DAA005B9DFB /* iGordonSwift.app */ = {isa = PBXFileReference; explicitFileType = wrapper.application; includeInIndex = 0; path = iGordonSwift.app; sourceTree = BUILT_PRODUCTS_DIR; };
		A356C0541B288DAA005B9DFB /* Info.plist */ = {isa = PBXFileReference; lastKnownFileType = text.plist.xml; path = Info.plist; sourceTree = "<group>"; };
		A356C0551B288DAA005B9DFB /* AppDelegate.swift */ = {isa = PBXFileReference; lastKnownFileType = sourcecode.swift; path = AppDelegate.swift; sourceTree = "<group>"; };
		A356C0581B288DAA005B9DFB /* iGordonSwift.xcdatamodel */ = {isa = PBXFileReference; lastKnownFileType = wrapper.xcdatamodel; path = iGordonSwift.xcdatamodel; sourceTree = "<group>"; };
		A356C05D1B288DAA005B9DFB /* Base */ = {isa = PBXFileReference; lastKnownFileType = file.storyboard; name = Base; path = Base.lproj/Main.storyboard; sourceTree = "<group>"; };
		A356C05F1B288DAA005B9DFB /* Images.xcassets */ = {isa = PBXFileReference; lastKnownFileType = folder.assetcatalog; path = Images.xcassets; sourceTree = "<group>"; };
		A356C0621B288DAA005B9DFB /* Base */ = {isa = PBXFileReference; lastKnownFileType = file.xib; name = Base; path = Base.lproj/LaunchScreen.xib; sourceTree = "<group>"; };
		A356C0681B288DAA005B9DFB /* iGordonSwiftTests.xctest */ = {isa = PBXFileReference; explicitFileType = wrapper.cfbundle; includeInIndex = 0; path = iGordonSwiftTests.xctest; sourceTree = BUILT_PRODUCTS_DIR; };
		A356C06D1B288DAA005B9DFB /* Info.plist */ = {isa = PBXFileReference; lastKnownFileType = text.plist.xml; path = Info.plist; sourceTree = "<group>"; };
		A356C06E1B288DAA005B9DFB /* iGordonSwiftTests.swift */ = {isa = PBXFileReference; lastKnownFileType = sourcecode.swift; path = iGordonSwiftTests.swift; sourceTree = "<group>"; };
		A356C07B1B2896FF005B9DFB /* EndPoint.swift */ = {isa = PBXFileReference; fileEncoding = 4; lastKnownFileType = sourcecode.swift; path = EndPoint.swift; sourceTree = "<group>"; };
		A356C07F1B28BD49005B9DFB /* UserPreferencesViewController.swift */ = {isa = PBXFileReference; fileEncoding = 4; lastKnownFileType = sourcecode.swift; path = UserPreferencesViewController.swift; sourceTree = "<group>"; };
		A356C0821B28CD97005B9DFB /* TableViewCellUserDataCustom.swift */ = {isa = PBXFileReference; fileEncoding = 4; lastKnownFileType = sourcecode.swift; path = TableViewCellUserDataCustom.swift; sourceTree = "<group>"; };
		A356C0841B28CE64005B9DFB /* tableCellDesignForUserDataOptions.xib */ = {isa = PBXFileReference; fileEncoding = 4; lastKnownFileType = file.xib; path = tableCellDesignForUserDataOptions.xib; sourceTree = "<group>"; };
		A356C0861B28D218005B9DFB /* UserOptionsMenuPopover.swift */ = {isa = PBXFileReference; fileEncoding = 4; lastKnownFileType = sourcecode.swift; path = UserOptionsMenuPopover.swift; sourceTree = "<group>"; };
		A356C0891B28D6A7005B9DFB /* LoginViewController.swift */ = {isa = PBXFileReference; fileEncoding = 4; lastKnownFileType = sourcecode.swift; path = LoginViewController.swift; sourceTree = "<group>"; };
		A356C08B1B28E567005B9DFB /* MainDataViewController.swift */ = {isa = PBXFileReference; fileEncoding = 4; lastKnownFileType = sourcecode.swift; path = MainDataViewController.swift; sourceTree = "<group>"; };
/* End PBXFileReference section */

/* Begin PBXFrameworksBuildPhase section */
		A356C04D1B288DAA005B9DFB /* Frameworks */ = {
			isa = PBXFrameworksBuildPhase;
			buildActionMask = 2147483647;
			files = (
			);
			runOnlyForDeploymentPostprocessing = 0;
		};
		A356C0651B288DAA005B9DFB /* Frameworks */ = {
			isa = PBXFrameworksBuildPhase;
			buildActionMask = 2147483647;
			files = (
			);
			runOnlyForDeploymentPostprocessing = 0;
		};
/* End PBXFrameworksBuildPhase section */

/* Begin PBXGroup section */
		5BB271731B43357100CB467B /* Spring */ = {
			isa = PBXGroup;
			children = (
				5BB271741B43357100CB467B /* AsyncButton.swift */,
				5BB271751B43357100CB467B /* AsyncImageView.swift */,
				5BB271761B43357100CB467B /* AutoTextView.swift */,
				5BB271771B43357100CB467B /* BlurView.swift */,
				5BB271781B43357100CB467B /* DesignableButton.swift */,
				5BB271791B43357100CB467B /* DesignableImageView.swift */,
				5BB2717A1B43357100CB467B /* DesignableLabel.swift */,
				5BB2717B1B43357100CB467B /* DesignableTabBarController.swift */,
				5BB2717C1B43357100CB467B /* DesignableTextField.swift */,
				5BB2717D1B43357100CB467B /* DesignableTextView.swift */,
				5BB2717E1B43357100CB467B /* DesignableView.swift */,
				5BB2717F1B43357100CB467B /* ImageLoader.swift */,
				5BB271801B43357100CB467B /* Info.plist */,
				5BB271811B43357100CB467B /* KeyboardLayoutConstraint.swift */,
				5BB271821B43357100CB467B /* LoadingView.swift */,
				5BB271831B43357100CB467B /* LoadingView.xib */,
				5BB271841B43357100CB467B /* Misc.swift */,
				5BB271851B43357100CB467B /* SoundPlayer.swift */,
				5BB271861B43357100CB467B /* Spring.h */,
				5BB271871B43357100CB467B /* Spring.swift */,
				5BB271881B43357100CB467B /* SpringAnimation.swift */,
				5BB271891B43357100CB467B /* SpringButton.swift */,
				5BB2718A1B43357100CB467B /* SpringImageView.swift */,
				5BB2718B1B43357100CB467B /* SpringLabel.swift */,
				5BB2718C1B43357100CB467B /* SpringTextField.swift */,
				5BB2718D1B43357100CB467B /* SpringTextView.swift */,
				5BB2718E1B43357100CB467B /* SpringView.swift */,
				5BB2718F1B43357100CB467B /* TransitionManager.swift */,
				5BB271901B43357100CB467B /* TransitionZoom.swift */,
				5BB271911B43357100CB467B /* UnwindSegue.swift */,
			);
			path = Spring;
			sourceTree = "<group>";
		};
		A356C0471B288DAA005B9DFB = {
			isa = PBXGroup;
			children = (
				A356C0521B288DAA005B9DFB /* iGordonSwift */,
				A356C06B1B288DAA005B9DFB /* iGordonSwiftTests */,
				A356C0511B288DAA005B9DFB /* Products */,
			);
			sourceTree = "<group>";
		};
		A356C0511B288DAA005B9DFB /* Products */ = {
			isa = PBXGroup;
			children = (
				A356C0501B288DAA005B9DFB /* iGordonSwift.app */,
				A356C0681B288DAA005B9DFB /* iGordonSwiftTests.xctest */,
			);
			name = Products;
			sourceTree = "<group>";
		};
		A356C0521B288DAA005B9DFB /* iGordonSwift */ = {
			isa = PBXGroup;
			children = (
				5BB271731B43357100CB467B /* Spring */,
				A356C07D1B28BCF8005B9DFB /* Table View Representations */,
				A356C0781B288DC3005B9DFB /* Model */,
				A356C0551B288DAA005B9DFB /* AppDelegate.swift */,
				A356C05C1B288DAA005B9DFB /* Main.storyboard */,
				A356C0841B28CE64005B9DFB /* tableCellDesignForUserDataOptions.xib */,
				A356C0611B288DAA005B9DFB /* LaunchScreen.xib */,
				A356C05F1B288DAA005B9DFB /* Images.xcassets */,
				A356C0571B288DAA005B9DFB /* iGordonSwift.xcdatamodeld */,
				A356C0531B288DAA005B9DFB /* Supporting Files */,
			);
			path = iGordonSwift;
			sourceTree = "<group>";
		};
		A356C0531B288DAA005B9DFB /* Supporting Files */ = {
			isa = PBXGroup;
			children = (
				A356C0541B288DAA005B9DFB /* Info.plist */,
			);
			name = "Supporting Files";
			sourceTree = "<group>";
		};
		A356C06B1B288DAA005B9DFB /* iGordonSwiftTests */ = {
			isa = PBXGroup;
			children = (
				A356C06E1B288DAA005B9DFB /* iGordonSwiftTests.swift */,
				A356C06C1B288DAA005B9DFB /* Supporting Files */,
			);
			path = iGordonSwiftTests;
			sourceTree = "<group>";
		};
		A356C06C1B288DAA005B9DFB /* Supporting Files */ = {
			isa = PBXGroup;
			children = (
				A356C06D1B288DAA005B9DFB /* Info.plist */,
			);
			name = "Supporting Files";
			sourceTree = "<group>";
		};
		A356C0781B288DC3005B9DFB /* Model */ = {
			isa = PBXGroup;
			children = (
				A356C07B1B2896FF005B9DFB /* EndPoint.swift */,
				5B019BA11B3C859400BB6C0F /* GordonUser.swift */,
				5BFE01C21B4ACFE200469A47 /* LogResultsFromServer.swift */,
				5B9DE6171B5045FA006586FC /* DatabaseManagement.swift */,
			);
			name = Model;
			sourceTree = "<group>";
		};
		A356C07D1B28BCF8005B9DFB /* Table View Representations */ = {
			isa = PBXGroup;
			children = (
				A356C0881B28D688005B9DFB /* View Controllers */,
				A356C0811B28CC43005B9DFB /* User Interface Elements */,
				A356C07E1B28BD07005B9DFB /* Data Sources */,
			);
			name = "Table View Representations";
			sourceTree = "<group>";
		};
		A356C07E1B28BD07005B9DFB /* Data Sources */ = {
			isa = PBXGroup;
			children = (
				A356C07F1B28BD49005B9DFB /* UserPreferencesViewController.swift */,
				A356C0861B28D218005B9DFB /* UserOptionsMenuPopover.swift */,
			);
			name = "Data Sources";
			sourceTree = "<group>";
		};
		A356C0811B28CC43005B9DFB /* User Interface Elements */ = {
			isa = PBXGroup;
			children = (
				A356C0821B28CD97005B9DFB /* TableViewCellUserDataCustom.swift */,
				5B1E91E91B5E90E80085C591 /* ScreenOperationsManager.swift */,
			);
			name = "User Interface Elements";
			sourceTree = "<group>";
		};
		A356C0881B28D688005B9DFB /* View Controllers */ = {
			isa = PBXGroup;
			children = (
				A356C0891B28D6A7005B9DFB /* LoginViewController.swift */,
				A356C08B1B28E567005B9DFB /* MainDataViewController.swift */,
			);
			name = "View Controllers";
			sourceTree = "<group>";
		};
/* End PBXGroup section */

/* Begin PBXNativeTarget section */
		A356C04F1B288DAA005B9DFB /* iGordonSwift */ = {
			isa = PBXNativeTarget;
			buildConfigurationList = A356C0721B288DAA005B9DFB /* Build configuration list for PBXNativeTarget "iGordonSwift" */;
			buildPhases = (
				A356C04C1B288DAA005B9DFB /* Sources */,
				A356C04D1B288DAA005B9DFB /* Frameworks */,
				A356C04E1B288DAA005B9DFB /* Resources */,
			);
			buildRules = (
			);
			dependencies = (
			);
			name = iGordonSwift;
			productName = iGordonSwift;
			productReference = A356C0501B288DAA005B9DFB /* iGordonSwift.app */;
			productType = "com.apple.product-type.application";
		};
		A356C0671B288DAA005B9DFB /* iGordonSwiftTests */ = {
			isa = PBXNativeTarget;
			buildConfigurationList = A356C0751B288DAA005B9DFB /* Build configuration list for PBXNativeTarget "iGordonSwiftTests" */;
			buildPhases = (
				A356C0641B288DAA005B9DFB /* Sources */,
				A356C0651B288DAA005B9DFB /* Frameworks */,
				A356C0661B288DAA005B9DFB /* Resources */,
			);
			buildRules = (
			);
			dependencies = (
				A356C06A1B288DAA005B9DFB /* PBXTargetDependency */,
			);
			name = iGordonSwiftTests;
			productName = iGordonSwiftTests;
			productReference = A356C0681B288DAA005B9DFB /* iGordonSwiftTests.xctest */;
			productType = "com.apple.product-type.bundle.unit-test";
		};
/* End PBXNativeTarget section */

/* Begin PBXProject section */
		A356C0481B288DAA005B9DFB /* Project object */ = {
			isa = PBXProject;
			attributes = {
				LastUpgradeCheck = 0630;
				ORGANIZATIONNAME = "Gordon College";
				TargetAttributes = {
					A356C04F1B288DAA005B9DFB = {
						CreatedOnToolsVersion = 6.3.2;
						DevelopmentTeam = 7YP5ZV7J9W;
						SystemCapabilities = {
							com.apple.BackgroundModes = {
								enabled = 1;
							};
						};
					};
					A356C0671B288DAA005B9DFB = {
						CreatedOnToolsVersion = 6.3.2;
						TestTargetID = A356C04F1B288DAA005B9DFB;
					};
				};
			};
			buildConfigurationList = A356C04B1B288DAA005B9DFB /* Build configuration list for PBXProject "iGordonSwift" */;
			compatibilityVersion = "Xcode 3.2";
			developmentRegion = English;
			hasScannedForEncodings = 0;
			knownRegions = (
				en,
				Base,
			);
			mainGroup = A356C0471B288DAA005B9DFB;
			productRefGroup = A356C0511B288DAA005B9DFB /* Products */;
			projectDirPath = "";
			projectRoot = "";
			targets = (
				A356C04F1B288DAA005B9DFB /* iGordonSwift */,
				A356C0671B288DAA005B9DFB /* iGordonSwiftTests */,
			);
		};
/* End PBXProject section */

/* Begin PBXResourcesBuildPhase section */
		A356C04E1B288DAA005B9DFB /* Resources */ = {
			isa = PBXResourcesBuildPhase;
			buildActionMask = 2147483647;
			files = (
				A356C0851B28CE64005B9DFB /* tableCellDesignForUserDataOptions.xib in Resources */,
				A356C05E1B288DAA005B9DFB /* Main.storyboard in Resources */,
				5BB271AA1B43357100CB467B /* Info.plist in Resources */,
				A356C0631B288DAA005B9DFB /* LaunchScreen.xib in Resources */,
				5BB271B01B43357100CB467B /* LoadingView.xib in Resources */,
				A356C0601B288DAA005B9DFB /* Images.xcassets in Resources */,
			);
			runOnlyForDeploymentPostprocessing = 0;
		};
		A356C0661B288DAA005B9DFB /* Resources */ = {
			isa = PBXResourcesBuildPhase;
			buildActionMask = 2147483647;
			files = (
				5BB271B11B43357100CB467B /* LoadingView.xib in Resources */,
				5BB271AB1B43357100CB467B /* Info.plist in Resources */,
			);
			runOnlyForDeploymentPostprocessing = 0;
		};
/* End PBXResourcesBuildPhase section */

/* Begin PBXSourcesBuildPhase section */
		A356C04C1B288DAA005B9DFB /* Sources */ = {
			isa = PBXSourcesBuildPhase;
			buildActionMask = 2147483647;
			files = (
				5BB271BA1B43357100CB467B /* SpringButton.swift in Sources */,
				5BB271B41B43357100CB467B /* SoundPlayer.swift in Sources */,
				5BB271C21B43357100CB467B /* SpringTextView.swift in Sources */,
				A356C08A1B28D6A8005B9DFB /* LoginViewController.swift in Sources */,
				5BB271A21B43357100CB467B /* DesignableTextField.swift in Sources */,
				5B9DE6181B5045FA006586FC /* DatabaseManagement.swift in Sources */,
				5BB271A41B43357100CB467B /* DesignableTextView.swift in Sources */,
				5BB271C81B43357100CB467B /* TransitionZoom.swift in Sources */,
				5BB271C01B43357100CB467B /* SpringTextField.swift in Sources */,
				5BFE01C31B4ACFE200469A47 /* LogResultsFromServer.swift in Sources */,
				5BB2719C1B43357100CB467B /* DesignableImageView.swift in Sources */,
				A356C0801B28BD49005B9DFB /* UserPreferencesViewController.swift in Sources */,
				A356C0871B28D218005B9DFB /* UserOptionsMenuPopover.swift in Sources */,
				A356C0591B288DAA005B9DFB /* iGordonSwift.xcdatamodeld in Sources */,
				A356C0831B28CD97005B9DFB /* TableViewCellUserDataCustom.swift in Sources */,
				5BB271A61B43357100CB467B /* DesignableView.swift in Sources */,
				5BB271B21B43357100CB467B /* Misc.swift in Sources */,
				5BB271941B43357100CB467B /* AsyncImageView.swift in Sources */,
				5BB271A01B43357100CB467B /* DesignableTabBarController.swift in Sources */,
				5BB271961B43357100CB467B /* AutoTextView.swift in Sources */,
				5BB271CA1B43357100CB467B /* UnwindSegue.swift in Sources */,
				5BB271C41B43357100CB467B /* SpringView.swift in Sources */,
				5BB271BE1B43357100CB467B /* SpringLabel.swift in Sources */,
				5B019BA21B3C859400BB6C0F /* GordonUser.swift in Sources */,
				5BB271AC1B43357100CB467B /* KeyboardLayoutConstraint.swift in Sources */,
				5BB271921B43357100CB467B /* AsyncButton.swift in Sources */,
				5BB271A81B43357100CB467B /* ImageLoader.swift in Sources */,
				5BB271B61B43357100CB467B /* Spring.swift in Sources */,
				5BB271C61B43357100CB467B /* TransitionManager.swift in Sources */,
				5BB2719A1B43357100CB467B /* DesignableButton.swift in Sources */,
				5BB271981B43357100CB467B /* BlurView.swift in Sources */,
				A356C08C1B28E567005B9DFB /* MainDataViewController.swift in Sources */,
				A356C07C1B2896FF005B9DFB /* EndPoint.swift in Sources */,
				5BB2719E1B43357100CB467B /* DesignableLabel.swift in Sources */,
				5B1E91EA1B5E90E80085C591 /* ScreenOperationsManager.swift in Sources */,
				5BB271B81B43357100CB467B /* SpringAnimation.swift in Sources */,
				A356C0561B288DAA005B9DFB /* AppDelegate.swift in Sources */,
				5BB271AE1B43357100CB467B /* LoadingView.swift in Sources */,
				5BB271BC1B43357100CB467B /* SpringImageView.swift in Sources */,
			);
			runOnlyForDeploymentPostprocessing = 0;
		};
		A356C0641B288DAA005B9DFB /* Sources */ = {
			isa = PBXSourcesBuildPhase;
			buildActionMask = 2147483647;
			files = (
				5BB271BB1B43357100CB467B /* SpringButton.swift in Sources */,
				5BB271B51B43357100CB467B /* SoundPlayer.swift in Sources */,
				5BB271C31B43357100CB467B /* SpringTextView.swift in Sources */,
				5BFE01C11B4ACE4100469A47 /* iGordonSwift.xcdatamodeld in Sources */,
				5BB271A31B43357100CB467B /* DesignableTextField.swift in Sources */,
				5BB271A51B43357100CB467B /* DesignableTextView.swift in Sources */,
				5BB271C91B43357100CB467B /* TransitionZoom.swift in Sources */,
				5BB271C11B43357100CB467B /* SpringTextField.swift in Sources */,
				5BB2719D1B43357100CB467B /* DesignableImageView.swift in Sources */,
				5BB271A71B43357100CB467B /* DesignableView.swift in Sources */,
				5BB271B31B43357100CB467B /* Misc.swift in Sources */,
				5BB271951B43357100CB467B /* AsyncImageView.swift in Sources */,
				5BB271A11B43357100CB467B /* DesignableTabBarController.swift in Sources */,
				5BB271971B43357100CB467B /* AutoTextView.swift in Sources */,
				5BB271CB1B43357100CB467B /* UnwindSegue.swift in Sources */,
				5BB271C51B43357100CB467B /* SpringView.swift in Sources */,
				5BB271BF1B43357100CB467B /* SpringLabel.swift in Sources */,
				5BB271AD1B43357100CB467B /* KeyboardLayoutConstraint.swift in Sources */,
				5BB271931B43357100CB467B /* AsyncButton.swift in Sources */,
				5BB271A91B43357100CB467B /* ImageLoader.swift in Sources */,
				5BB271B71B43357100CB467B /* Spring.swift in Sources */,
				5BB271C71B43357100CB467B /* TransitionManager.swift in Sources */,
				5BB2719B1B43357100CB467B /* DesignableButton.swift in Sources */,
				5BB271991B43357100CB467B /* BlurView.swift in Sources */,
				5BB2719F1B43357100CB467B /* DesignableLabel.swift in Sources */,
				5BB271B91B43357100CB467B /* SpringAnimation.swift in Sources */,
				A356C06F1B288DAA005B9DFB /* iGordonSwiftTests.swift in Sources */,
				5BB271AF1B43357100CB467B /* LoadingView.swift in Sources */,
				5BB271BD1B43357100CB467B /* SpringImageView.swift in Sources */,
			);
			runOnlyForDeploymentPostprocessing = 0;
		};
/* End PBXSourcesBuildPhase section */

/* Begin PBXTargetDependency section */
		A356C06A1B288DAA005B9DFB /* PBXTargetDependency */ = {
			isa = PBXTargetDependency;
			target = A356C04F1B288DAA005B9DFB /* iGordonSwift */;
			targetProxy = A356C0691B288DAA005B9DFB /* PBXContainerItemProxy */;
		};
/* End PBXTargetDependency section */

/* Begin PBXVariantGroup section */
		A356C05C1B288DAA005B9DFB /* Main.storyboard */ = {
			isa = PBXVariantGroup;
			children = (
				A356C05D1B288DAA005B9DFB /* Base */,
			);
			name = Main.storyboard;
			sourceTree = "<group>";
		};
		A356C0611B288DAA005B9DFB /* LaunchScreen.xib */ = {
			isa = PBXVariantGroup;
			children = (
				A356C0621B288DAA005B9DFB /* Base */,
			);
			name = LaunchScreen.xib;
			sourceTree = "<group>";
		};
/* End PBXVariantGroup section */

/* Begin XCBuildConfiguration section */
		A356C0701B288DAA005B9DFB /* Debug */ = {
			isa = XCBuildConfiguration;
			buildSettings = {
				ALWAYS_SEARCH_USER_PATHS = NO;
				CLANG_CXX_LANGUAGE_STANDARD = "gnu++0x";
				CLANG_CXX_LIBRARY = "libc++";
				CLANG_ENABLE_MODULES = YES;
				CLANG_ENABLE_OBJC_ARC = YES;
				CLANG_WARN_BOOL_CONVERSION = YES;
				CLANG_WARN_CONSTANT_CONVERSION = YES;
				CLANG_WARN_DIRECT_OBJC_ISA_USAGE = YES_ERROR;
				CLANG_WARN_EMPTY_BODY = YES;
				CLANG_WARN_ENUM_CONVERSION = YES;
				CLANG_WARN_INT_CONVERSION = YES;
				CLANG_WARN_OBJC_ROOT_CLASS = YES_ERROR;
				CLANG_WARN_UNREACHABLE_CODE = YES;
				CLANG_WARN__DUPLICATE_METHOD_MATCH = YES;
				"CODE_SIGN_IDENTITY[sdk=iphoneos*]" = "iPhone Developer";
				COPY_PHASE_STRIP = NO;
				DEBUG_INFORMATION_FORMAT = "dwarf-with-dsym";
				ENABLE_STRICT_OBJC_MSGSEND = YES;
				GCC_C_LANGUAGE_STANDARD = gnu99;
				GCC_DYNAMIC_NO_PIC = NO;
				GCC_NO_COMMON_BLOCKS = YES;
				GCC_OPTIMIZATION_LEVEL = 0;
				GCC_PREPROCESSOR_DEFINITIONS = (
					"DEBUG=1",
					"$(inherited)",
				);
				GCC_SYMBOLS_PRIVATE_EXTERN = NO;
				GCC_WARN_64_TO_32_BIT_CONVERSION = YES;
				GCC_WARN_ABOUT_RETURN_TYPE = YES_ERROR;
				GCC_WARN_UNDECLARED_SELECTOR = YES;
				GCC_WARN_UNINITIALIZED_AUTOS = YES_AGGRESSIVE;
				GCC_WARN_UNUSED_FUNCTION = YES;
				GCC_WARN_UNUSED_VARIABLE = YES;
				IPHONEOS_DEPLOYMENT_TARGET = 8.3;
				MTL_ENABLE_DEBUG_INFO = YES;
				ONLY_ACTIVE_ARCH = YES;
				SDKROOT = iphoneos;
				SWIFT_OPTIMIZATION_LEVEL = "-Onone";
			};
			name = Debug;
		};
		A356C0711B288DAA005B9DFB /* Release */ = {
			isa = XCBuildConfiguration;
			buildSettings = {
				ALWAYS_SEARCH_USER_PATHS = NO;
				CLANG_CXX_LANGUAGE_STANDARD = "gnu++0x";
				CLANG_CXX_LIBRARY = "libc++";
				CLANG_ENABLE_MODULES = YES;
				CLANG_ENABLE_OBJC_ARC = YES;
				CLANG_WARN_BOOL_CONVERSION = YES;
				CLANG_WARN_CONSTANT_CONVERSION = YES;
				CLANG_WARN_DIRECT_OBJC_ISA_USAGE = YES_ERROR;
				CLANG_WARN_EMPTY_BODY = YES;
				CLANG_WARN_ENUM_CONVERSION = YES;
				CLANG_WARN_INT_CONVERSION = YES;
				CLANG_WARN_OBJC_ROOT_CLASS = YES_ERROR;
				CLANG_WARN_UNREACHABLE_CODE = YES;
				CLANG_WARN__DUPLICATE_METHOD_MATCH = YES;
				"CODE_SIGN_IDENTITY[sdk=iphoneos*]" = "iPhone Developer";
				COPY_PHASE_STRIP = NO;
				DEBUG_INFORMATION_FORMAT = "dwarf-with-dsym";
				ENABLE_NS_ASSERTIONS = NO;
				ENABLE_STRICT_OBJC_MSGSEND = YES;
				GCC_C_LANGUAGE_STANDARD = gnu99;
				GCC_NO_COMMON_BLOCKS = YES;
				GCC_WARN_64_TO_32_BIT_CONVERSION = YES;
				GCC_WARN_ABOUT_RETURN_TYPE = YES_ERROR;
				GCC_WARN_UNDECLARED_SELECTOR = YES;
				GCC_WARN_UNINITIALIZED_AUTOS = YES_AGGRESSIVE;
				GCC_WARN_UNUSED_FUNCTION = YES;
				GCC_WARN_UNUSED_VARIABLE = YES;
				IPHONEOS_DEPLOYMENT_TARGET = 8.3;
				MTL_ENABLE_DEBUG_INFO = NO;
				SDKROOT = iphoneos;
				VALIDATE_PRODUCT = YES;
			};
			name = Release;
		};
		A356C0731B288DAA005B9DFB /* Debug */ = {
			isa = XCBuildConfiguration;
			buildSettings = {
				ASSETCATALOG_COMPILER_APPICON_NAME = AppIcon;
				CODE_SIGN_IDENTITY = "iPhone Developer";
				"CODE_SIGN_IDENTITY[sdk=iphoneos*]" = "iPhone Developer";
				INFOPLIST_FILE = iGordonSwift/Info.plist;
				LD_RUNPATH_SEARCH_PATHS = "$(inherited) @executable_path/Frameworks";
				PRODUCT_NAME = "$(TARGET_NAME)";
				PROVISIONING_PROFILE = "";
				TARGETED_DEVICE_FAMILY = "1,2";
			};
			name = Debug;
		};
		A356C0741B288DAA005B9DFB /* Release */ = {
			isa = XCBuildConfiguration;
			buildSettings = {
				ASSETCATALOG_COMPILER_APPICON_NAME = AppIcon;
				CODE_SIGN_IDENTITY = "iPhone Developer";
				"CODE_SIGN_IDENTITY[sdk=iphoneos*]" = "iPhone Developer";
				INFOPLIST_FILE = iGordonSwift/Info.plist;
				LD_RUNPATH_SEARCH_PATHS = "$(inherited) @executable_path/Frameworks";
				PRODUCT_NAME = "$(TARGET_NAME)";
				PROVISIONING_PROFILE = "";
				TARGETED_DEVICE_FAMILY = "1,2";
			};
			name = Release;
		};
		A356C0761B288DAA005B9DFB /* Debug */ = {
			isa = XCBuildConfiguration;
			buildSettings = {
				BUNDLE_LOADER = "$(TEST_HOST)";
				FRAMEWORK_SEARCH_PATHS = (
					"$(SDKROOT)/Developer/Library/Frameworks",
					"$(inherited)",
				);
				GCC_PREPROCESSOR_DEFINITIONS = (
					"DEBUG=1",
					"$(inherited)",
				);
				INFOPLIST_FILE = iGordonSwiftTests/Info.plist;
				LD_RUNPATH_SEARCH_PATHS = "$(inherited) @executable_path/Frameworks @loader_path/Frameworks";
				PRODUCT_NAME = "$(TARGET_NAME)";
				TEST_HOST = "$(BUILT_PRODUCTS_DIR)/iGordonSwift.app/iGordonSwift";
			};
			name = Debug;
		};
		A356C0771B288DAA005B9DFB /* Release */ = {
			isa = XCBuildConfiguration;
			buildSettings = {
				BUNDLE_LOADER = "$(TEST_HOST)";
				FRAMEWORK_SEARCH_PATHS = (
					"$(SDKROOT)/Developer/Library/Frameworks",
					"$(inherited)",
				);
				INFOPLIST_FILE = iGordonSwiftTests/Info.plist;
				LD_RUNPATH_SEARCH_PATHS = "$(inherited) @executable_path/Frameworks @loader_path/Frameworks";
				PRODUCT_NAME = "$(TARGET_NAME)";
				TEST_HOST = "$(BUILT_PRODUCTS_DIR)/iGordonSwift.app/iGordonSwift";
			};
			name = Release;
		};
/* End XCBuildConfiguration section */

/* Begin XCConfigurationList section */
		A356C04B1B288DAA005B9DFB /* Build configuration list for PBXProject "iGordonSwift" */ = {
			isa = XCConfigurationList;
			buildConfigurations = (
				A356C0701B288DAA005B9DFB /* Debug */,
				A356C0711B288DAA005B9DFB /* Release */,
			);
			defaultConfigurationIsVisible = 0;
			defaultConfigurationName = Release;
		};
		A356C0721B288DAA005B9DFB /* Build configuration list for PBXNativeTarget "iGordonSwift" */ = {
			isa = XCConfigurationList;
			buildConfigurations = (
				A356C0731B288DAA005B9DFB /* Debug */,
				A356C0741B288DAA005B9DFB /* Release */,
			);
			defaultConfigurationIsVisible = 0;
			defaultConfigurationName = Release;
		};
		A356C0751B288DAA005B9DFB /* Build configuration list for PBXNativeTarget "iGordonSwiftTests" */ = {
			isa = XCConfigurationList;
			buildConfigurations = (
				A356C0761B288DAA005B9DFB /* Debug */,
				A356C0771B288DAA005B9DFB /* Release */,
			);
			defaultConfigurationIsVisible = 0;
			defaultConfigurationName = Release;
		};
/* End XCConfigurationList section */

/* Begin XCVersionGroup section */
		A356C0571B288DAA005B9DFB /* iGordonSwift.xcdatamodeld */ = {
			isa = XCVersionGroup;
			children = (
				A356C0581B288DAA005B9DFB /* iGordonSwift.xcdatamodel */,
			);
			currentVersion = A356C0581B288DAA005B9DFB /* iGordonSwift.xcdatamodel */;
			path = iGordonSwift.xcdatamodeld;
			sourceTree = "<group>";
			versionGroupType = wrapper.xcdatamodel;
		};
/* End XCVersionGroup section */
	};
	rootObject = A356C0481B288DAA005B9DFB /* Project object */;
}
